
Microsoft Visual Studio Solution File, Format Version 12.00
# Visual Studio 15
VisualStudioVersion = 15.0.27428.2043
MinimumVisualStudioVersion = 10.0.40219.1
Project("{FAE04EC0-301F-11D3-BF4B-00C04F79EFBC}") = "PhilosophersProblem", "PhilosophersProblem\PhilosophersProblem.csproj", "{EA55EC0D-B9E8-4935-83D8-00B49824D6C1}"
EndProject
Global
	GlobalSection(SolutionConfigurationPlatforms) = preSolution
		Debug|Any CPU = Debug|Any CPU
		Release|Any CPU = Release|Any CPU
	EndGlobalSection
	GlobalSection(ProjectConfigurationPlatforms) = postSolution
		{EA55EC0D-B9E8-4935-83D8-00B49824D6C1}.Debug|Any CPU.ActiveCfg = Debug|Any CPU
		{EA55EC0D-B9E8-4935-83D8-00B49824D6C1}.Debug|Any CPU.Build.0 = Debug|Any CPU
		{EA55EC0D-B9E8-4935-83D8-00B49824D6C1}.Release|Any CPU.ActiveCfg = Release|Any CPU
		{EA55EC0D-B9E8-4935-83D8-00B49824D6C1}.Release|Any CPU.Build.0 = Release|Any CPU
	EndGlobalSection
	GlobalSection(SolutionProperties) = preSolution
		HideSolutionNode = FALSE
	EndGlobalSection
	GlobalSection(ExtensibilityGlobals) = postSolution
		SolutionGuid = {3250D344-53D8-4942-9C68-C114BBE57DA6}
	EndGlobalSection
EndGlobal
